Microsoft Visual Studio Solution File, Format Version 12.00
# Visual Studio Version 17
VisualStudioVersion = 17.5.002.0
MinimumVisualStudioVersion = 10.0.40219.1
Project("{2150E333-8FDC-42A3-9474-1A3956D46DE8}") = "src", "src", "{B899407E-12B7-43AD-8C3E-9F2D8D1A2CA7}"
EndProject
Project("{9A19103F-16F7-4668-BE54-9A1E7A4F7556}") = "PixelApi", "src\PixelApi\PixelApi.csproj", "{38DE64D2-DD76-46CE-AF41-FD54A0ABB704}"
EndProject
Project("{9A19103F-16F7-4668-BE54-9A1E7A4F7556}") = "StorageApi", "src\StorageApi\StorageApi.csproj", "{B852C902-D1B3-426E-B83D-0D406F3FA0FC}"
EndProject
Project("{E53339B2-1760-4266-BCC7-CA923CBCF16C}") = "docker-compose", "docker-compose.dcproj", "{B857D3F3-1EE5-4A88-A77C-07420FB28513}"
EndProject
Project("{2150E333-8FDC-42A3-9474-1A3956D46DE8}") = "Infrastructure", "Infrastructure", "{2D88ABC1-E621-43A9-AC3C-99CF8484FB4B}"
EndProject
Project("{9A19103F-16F7-4668-BE54-9A1E7A4F7556}") = "Core", "src\Core\Core.csproj", "{EDD67EC2-4227-4B8D-A2C8-D29514060064}"
EndProject
Project("{FAE04EC0-301F-11D3-BF4B-00C04F79EFBC}") = "Core.Tests", "src\Core.Tests\Core.Tests.csproj", "{4BC762B6-7250-4599-90EF-58F2226426E7}"
EndProject
Project("{FAE04EC0-301F-11D3-BF4B-00C04F79EFBC}") = "StorageApi.Tests", "src\StorageApi.Tests\StorageApi.Tests.csproj", "{CECDD102-3AE7-4179-B211-C3B56D18C483}"
EndProject
Global
	GlobalSection(SolutionConfigurationPlatforms) = preSolution
		Debug|Any CPU = Debug|Any CPU
		Release|Any CPU = Release|Any CPU
	EndGlobalSection
	GlobalSection(ProjectConfigurationPlatforms) = postSolution
		{38DE64D2-DD76-46CE-AF41-FD54A0ABB704}.Debug|Any CPU.ActiveCfg = Debug|Any CPU
		{38DE64D2-DD76-46CE-AF41-FD54A0ABB704}.Debug|Any CPU.Build.0 = Debug|Any CPU
		{38DE64D2-DD76-46CE-AF41-FD54A0ABB704}.Release|Any CPU.ActiveCfg = Release|Any CPU
		{38DE64D2-DD76-46CE-AF41-FD54A0ABB704}.Release|Any CPU.Build.0 = Release|Any CPU
		{B852C902-D1B3-426E-B83D-0D406F3FA0FC}.Debug|Any CPU.ActiveCfg = Debug|Any CPU
		{B852C902-D1B3-426E-B83D-0D406F3FA0FC}.Debug|Any CPU.Build.0 = Debug|Any CPU
		{B852C902-D1B3-426E-B83D-0D406F3FA0FC}.Release|Any CPU.ActiveCfg = Release|Any CPU
		{B852C902-D1B3-426E-B83D-0D406F3FA0FC}.Release|Any CPU.Build.0 = Release|Any CPU
		{B857D3F3-1EE5-4A88-A77C-07420FB28513}.Debug|Any CPU.ActiveCfg = Debug|Any CPU
		{B857D3F3-1EE5-4A88-A77C-07420FB28513}.Debug|Any CPU.Build.0 = Debug|Any CPU
		{B857D3F3-1EE5-4A88-A77C-07420FB28513}.Release|Any CPU.ActiveCfg = Release|Any CPU
		{B857D3F3-1EE5-4A88-A77C-07420FB28513}.Release|Any CPU.Build.0 = Release|Any CPU
		{EDD67EC2-4227-4B8D-A2C8-D29514060064}.Debug|Any CPU.ActiveCfg = Debug|Any CPU
		{EDD67EC2-4227-4B8D-A2C8-D29514060064}.Debug|Any CPU.Build.0 = Debug|Any CPU
		{EDD67EC2-4227-4B8D-A2C8-D29514060064}.Release|Any CPU.ActiveCfg = Release|Any CPU
		{EDD67EC2-4227-4B8D-A2C8-D29514060064}.Release|Any CPU.Build.0 = Release|Any CPU
		{4BC762B6-7250-4599-90EF-58F2226426E7}.Debug|Any CPU.ActiveCfg = Debug|Any CPU
		{4BC762B6-7250-4599-90EF-58F2226426E7}.Debug|Any CPU.Build.0 = Debug|Any CPU
		{4BC762B6-7250-4599-90EF-58F2226426E7}.Release|Any CPU.ActiveCfg = Release|Any CPU
		{4BC762B6-7250-4599-90EF-58F2226426E7}.Release|Any CPU.Build.0 = Release|Any CPU
		{CECDD102-3AE7-4179-B211-C3B56D18C483}.Debug|Any CPU.ActiveCfg = Debug|Any CPU
		{CECDD102-3AE7-4179-B211-C3B56D18C483}.Debug|Any CPU.Build.0 = Debug|Any CPU
		{CECDD102-3AE7-4179-B211-C3B56D18C483}.Release|Any CPU.ActiveCfg = Release|Any CPU
		{CECDD102-3AE7-4179-B211-C3B56D18C483}.Release|Any CPU.Build.0 = Release|Any CPU
	EndGlobalSection
	GlobalSection(SolutionProperties) = preSolution
		HideSolutionNode = FALSE
	EndGlobalSection
	GlobalSection(NestedProjects) = preSolution
		{38DE64D2-DD76-46CE-AF41-FD54A0ABB704} = {B899407E-12B7-43AD-8C3E-9F2D8D1A2CA7}
		{B852C902-D1B3-426E-B83D-0D406F3FA0FC} = {B899407E-12B7-43AD-8C3E-9F2D8D1A2CA7}
		{2D88ABC1-E621-43A9-AC3C-99CF8484FB4B} = {B899407E-12B7-43AD-8C3E-9F2D8D1A2CA7}
		{EDD67EC2-4227-4B8D-A2C8-D29514060064} = {2D88ABC1-E621-43A9-AC3C-99CF8484FB4B}
		{4BC762B6-7250-4599-90EF-58F2226426E7} = {2D88ABC1-E621-43A9-AC3C-99CF8484FB4B}
		{CECDD102-3AE7-4179-B211-C3B56D18C483} = {B899407E-12B7-43AD-8C3E-9F2D8D1A2CA7}
	EndGlobalSection
	GlobalSection(ExtensibilityGlobals) = postSolution
		SolutionGuid = {9FFF72B8-7463-4978-92DA-2F45E08305E7}
	EndGlobalSection
EndGlobal
