Microsoft Visual Studio Solution File, Format Version 12.00
# Visual Studio Version 17
VisualStudioVersion = 17.5.002.0
MinimumVisualStudioVersion = 10.0.40219.1
Project("{2150E333-8FDC-42A3-9474-1A3956D46DE8}") = "src", "src", "{B899407E-12B7-43AD-8C3E-9F2D8D1A2CA7}"
EndProject
Project("{9A19103F-16F7-4668-BE54-9A1E7A4F7556}") = "PixelApi", "src\PixelApi\PixelApi.csproj", "{38DE64D2-DD76-46CE-AF41-FD54A0ABB704}"
EndProject
Project("{9A19103F-16F7-4668-BE54-9A1E7A4F7556}") = "StorageApi", "src\StorageApi\StorageApi.csproj", "{B852C902-D1B3-426E-B83D-0D406F3FA0FC}"
EndProject
Project("{9A19103F-16F7-4668-BE54-9A1E7A4F7556}") = "ProtoContract", "src\ProtoContract\ProtoContract.csproj", "{5E60AE9B-ADE7-4BB6-B296-E4F6872EA4B1}"
EndProject
Global
	GlobalSection(SolutionConfigurationPlatforms) = preSolution
		Debug|Any CPU = Debug|Any CPU
		Release|Any CPU = Release|Any CPU
	EndGlobalSection
	GlobalSection(ProjectConfigurationPlatforms) = postSolution
		{38DE64D2-DD76-46CE-AF41-FD54A0ABB704}.Debug|Any CPU.ActiveCfg = Debug|Any CPU
		{38DE64D2-DD76-46CE-AF41-FD54A0ABB704}.Debug|Any CPU.Build.0 = Debug|Any CPU
		{38DE64D2-DD76-46CE-AF41-FD54A0ABB704}.Release|Any CPU.ActiveCfg = Release|Any CPU
		{38DE64D2-DD76-46CE-AF41-FD54A0ABB704}.Release|Any CPU.Build.0 = Release|Any CPU
		{B852C902-D1B3-426E-B83D-0D406F3FA0FC}.Debug|Any CPU.ActiveCfg = Debug|Any CPU
		{B852C902-D1B3-426E-B83D-0D406F3FA0FC}.Debug|Any CPU.Build.0 = Debug|Any CPU
		{B852C902-D1B3-426E-B83D-0D406F3FA0FC}.Release|Any CPU.ActiveCfg = Release|Any CPU
		{B852C902-D1B3-426E-B83D-0D406F3FA0FC}.Release|Any CPU.Build.0 = Release|Any CPU
		{5E60AE9B-ADE7-4BB6-B296-E4F6872EA4B1}.Debug|Any CPU.ActiveCfg = Debug|Any CPU
		{5E60AE9B-ADE7-4BB6-B296-E4F6872EA4B1}.Debug|Any CPU.Build.0 = Debug|Any CPU
		{5E60AE9B-ADE7-4BB6-B296-E4F6872EA4B1}.Release|Any CPU.ActiveCfg = Release|Any CPU
		{5E60AE9B-ADE7-4BB6-B296-E4F6872EA4B1}.Release|Any CPU.Build.0 = Release|Any CPU
	EndGlobalSection
	GlobalSection(SolutionProperties) = preSolution
		HideSolutionNode = FALSE
	EndGlobalSection
	GlobalSection(NestedProjects) = preSolution
		{38DE64D2-DD76-46CE-AF41-FD54A0ABB704} = {B899407E-12B7-43AD-8C3E-9F2D8D1A2CA7}
		{B852C902-D1B3-426E-B83D-0D406F3FA0FC} = {B899407E-12B7-43AD-8C3E-9F2D8D1A2CA7}
		{5E60AE9B-ADE7-4BB6-B296-E4F6872EA4B1} = {B899407E-12B7-43AD-8C3E-9F2D8D1A2CA7}
	EndGlobalSection
	GlobalSection(ExtensibilityGlobals) = postSolution
		SolutionGuid = {9FFF72B8-7463-4978-92DA-2F45E08305E7}
	EndGlobalSection
EndGlobal
